
Microsoft Visual Studio Solution File, Format Version 11.00
# Visual Studio 2010
Project("{FAE04EC0-301F-11D3-BF4B-00C04F79EFBC}") = "doctor", "Assembly-CSharp.csproj", "{6441D8E8-1A84-5030-F0AF-34892FB6C1B6}"
EndProject
Project("{FAE04EC0-301F-11D3-BF4B-00C04F79EFBC}") = "doctor", "Assembly-CSharp-Editor.csproj", "{26685A8C-1B18-2C58-F9A2-CDB3EA1B696D}"
EndProject
Global
	GlobalSection(SolutionConfigurationPlatforms) = preSolution
		Debug|Any CPU = Debug|Any CPU
		Release|Any CPU = Release|Any CPU
	EndGlobalSection
	GlobalSection(ProjectConfigurationPlatforms) = postSolution
		{6441D8E8-1A84-5030-F0AF-34892FB6C1B6}.Debug|Any CPU.ActiveCfg = Debug|Any CPU
		{6441D8E8-1A84-5030-F0AF-34892FB6C1B6}.Debug|Any CPU.Build.0 = Debug|Any CPU
		{6441D8E8-1A84-5030-F0AF-34892FB6C1B6}.Release|Any CPU.ActiveCfg = Release|Any CPU
		{6441D8E8-1A84-5030-F0AF-34892FB6C1B6}.Release|Any CPU.Build.0 = Release|Any CPU
		{26685A8C-1B18-2C58-F9A2-CDB3EA1B696D}.Debug|Any CPU.ActiveCfg = Debug|Any CPU
		{26685A8C-1B18-2C58-F9A2-CDB3EA1B696D}.Debug|Any CPU.Build.0 = Debug|Any CPU
		{26685A8C-1B18-2C58-F9A2-CDB3EA1B696D}.Release|Any CPU.ActiveCfg = Release|Any CPU
		{26685A8C-1B18-2C58-F9A2-CDB3EA1B696D}.Release|Any CPU.Build.0 = Release|Any CPU
	EndGlobalSection
	GlobalSection(SolutionProperties) = preSolution
		HideSolutionNode = FALSE
	EndGlobalSection
	GlobalSection(MonoDevelopProperties) = preSolution
		StartupItem = Assembly-CSharp.csproj
	EndGlobalSection
EndGlobal
